
Microsoft Visual Studio Solution File, Format Version 12.00
# Visual Studio Version 17
VisualStudioVersion = 17.2.32630.192
MinimumVisualStudioVersion = 10.0.40219.1
Project("{FAE04EC0-301F-11D3-BF4B-00C04F79EFBC}") = "DVDCatalog", "DVDCatalog\DVDCatalog.csproj", "{EE730BBE-194E-45FD-A7FB-35A152F2C177}"
EndProject
Global
	GlobalSection(SolutionConfigurationPlatforms) = preSolution
		Debug|Any CPU = Debug|Any CPU
		Release|Any CPU = Release|Any CPU
	EndGlobalSection
	GlobalSection(ProjectConfigurationPlatforms) = postSolution
		{EE730BBE-194E-45FD-A7FB-35A152F2C177}.Debug|Any CPU.ActiveCfg = Debug|Any CPU
		{EE730BBE-194E-45FD-A7FB-35A152F2C177}.Debug|Any CPU.Build.0 = Debug|Any CPU
		{EE730BBE-194E-45FD-A7FB-35A152F2C177}.Release|Any CPU.ActiveCfg = Release|Any CPU
		{EE730BBE-194E-45FD-A7FB-35A152F2C177}.Release|Any CPU.Build.0 = Release|Any CPU
	EndGlobalSection
	GlobalSection(SolutionProperties) = preSolution
		HideSolutionNode = FALSE
	EndGlobalSection
	GlobalSection(ExtensibilityGlobals) = postSolution
		SolutionGuid = {28627EF3-7A11-4EA3-992B-B6A4734D1C36}
	EndGlobalSection
EndGlobal
