
Microsoft Visual Studio Solution File, Format Version 12.00
# Visual Studio Version 17
VisualStudioVersion = 17.2.32630.192
MinimumVisualStudioVersion = 10.0.40219.1
Project("{FAE04EC0-301F-11D3-BF4B-00C04F79EFBC}") = "EmployeeWebService", "WebService\EmployeeWebService.csproj", "{DEED0C03-05D9-433D-8BBA-6621057F51BF}"
EndProject
Global
	GlobalSection(SolutionConfigurationPlatforms) = preSolution
		Debug|Any CPU = Debug|Any CPU
		Release|Any CPU = Release|Any CPU
	EndGlobalSection
	GlobalSection(ProjectConfigurationPlatforms) = postSolution
		{DEED0C03-05D9-433D-8BBA-6621057F51BF}.Debug|Any CPU.ActiveCfg = Debug|Any CPU
		{DEED0C03-05D9-433D-8BBA-6621057F51BF}.Debug|Any CPU.Build.0 = Debug|Any CPU
		{DEED0C03-05D9-433D-8BBA-6621057F51BF}.Release|Any CPU.ActiveCfg = Release|Any CPU
		{DEED0C03-05D9-433D-8BBA-6621057F51BF}.Release|Any CPU.Build.0 = Release|Any CPU
	EndGlobalSection
	GlobalSection(SolutionProperties) = preSolution
		HideSolutionNode = FALSE
	EndGlobalSection
	GlobalSection(ExtensibilityGlobals) = postSolution
		SolutionGuid = {9FABC99C-B70F-4D4B-BB3A-A9184D1B5BA5}
	EndGlobalSection
EndGlobal
